
Microsoft Visual Studio Solution File, Format Version 12.00
# Visual Studio Version 16
VisualStudioVersion = 16.0.31515.178
MinimumVisualStudioVersion = 10.0.40219.1
Project("{FAE04EC0-301F-11D3-BF4B-00C04F79EFBC}") = "ClientSideInterface", "ClientSideInterface\ClientSideInterface.csproj", "{70BB0C2E-3252-4273-BA48-5233AE42244D}"
EndProject
Global
	GlobalSection(SolutionConfigurationPlatforms) = preSolution
		Debug|Any CPU = Debug|Any CPU
		Release|Any CPU = Release|Any CPU
	EndGlobalSection
	GlobalSection(ProjectConfigurationPlatforms) = postSolution
		{70BB0C2E-3252-4273-BA48-5233AE42244D}.Debug|Any CPU.ActiveCfg = Debug|Any CPU
		{70BB0C2E-3252-4273-BA48-5233AE42244D}.Debug|Any CPU.Build.0 = Debug|Any CPU
		{70BB0C2E-3252-4273-BA48-5233AE42244D}.Release|Any CPU.ActiveCfg = Release|Any CPU
		{70BB0C2E-3252-4273-BA48-5233AE42244D}.Release|Any CPU.Build.0 = Release|Any CPU
	EndGlobalSection
	GlobalSection(SolutionProperties) = preSolution
		HideSolutionNode = FALSE
	EndGlobalSection
	GlobalSection(ExtensibilityGlobals) = postSolution
		SolutionGuid = {7CC2C81F-C13D-4FCC-B77C-5BA8A6A6D3CB}
	EndGlobalSection
EndGlobal
